
Microsoft Visual Studio Solution File, Format Version 12.00
# Visual Studio Version 17
VisualStudioVersion = 17.14.36623.8 d17.14
MinimumVisualStudioVersion = 10.0.40219.1
Project("{FAE04EC0-301F-11D3-BF4B-00C04F79EFBC}") = "LMS-WEB", "LMS-WEB\LMS-WEB.csproj", "{95823D3F-DB95-422D-BAC5-25D0D4CA5A07}"
EndProject
Global
	GlobalSection(SolutionConfigurationPlatforms) = preSolution
		Debug|Any CPU = Debug|Any CPU
		Release|Any CPU = Release|Any CPU
	EndGlobalSection
	GlobalSection(ProjectConfigurationPlatforms) = postSolution
		{95823D3F-DB95-422D-BAC5-25D0D4CA5A07}.Debug|Any CPU.ActiveCfg = Debug|Any CPU
		{95823D3F-DB95-422D-BAC5-25D0D4CA5A07}.Debug|Any CPU.Build.0 = Debug|Any CPU
		{95823D3F-DB95-422D-BAC5-25D0D4CA5A07}.Release|Any CPU.ActiveCfg = Release|Any CPU
		{95823D3F-DB95-422D-BAC5-25D0D4CA5A07}.Release|Any CPU.Build.0 = Release|Any CPU
	EndGlobalSection
	GlobalSection(SolutionProperties) = preSolution
		HideSolutionNode = FALSE
	EndGlobalSection
	GlobalSection(ExtensibilityGlobals) = postSolution
		SolutionGuid = {DB0CC645-A22C-4778-96AE-8CB25D2DE704}
	EndGlobalSection
EndGlobal
